Microsoft Visual Studio Solution File, Format Version 12.00
# Visual Studio Version 17
VisualStudioVersion = 17.5.2.0
MinimumVisualStudioVersion = 10.0.40219.1
Project("{FAE04EC0-301F-11D3-BF4B-00C04F79EFBC}") = "bt_tinhSoTuanvaNgayLe", "bt_tinhSoTuanvaNgayLe.csproj", "{3080E50E-EEEE-749A-7644-895E34D5F196}"
EndProject
Global
	GlobalSection(SolutionConfigurationPlatforms) = preSolution
		Debug|Any CPU = Debug|Any CPU
		Release|Any CPU = Release|Any CPU
	EndGlobalSection
	GlobalSection(ProjectConfigurationPlatforms) = postSolution
		{3080E50E-EEEE-749A-7644-895E34D5F196}.Debug|Any CPU.ActiveCfg = Debug|Any CPU
		{3080E50E-EEEE-749A-7644-895E34D5F196}.Debug|Any CPU.Build.0 = Debug|Any CPU
		{3080E50E-EEEE-749A-7644-895E34D5F196}.Release|Any CPU.ActiveCfg = Release|Any CPU
		{3080E50E-EEEE-749A-7644-895E34D5F196}.Release|Any CPU.Build.0 = Release|Any CPU
	EndGlobalSection
	GlobalSection(SolutionProperties) = preSolution
		HideSolutionNode = FALSE
	EndGlobalSection
	GlobalSection(ExtensibilityGlobals) = postSolution
		SolutionGuid = {7B0A4009-DCCD-4E28-92E3-CE3B74FB0723}
	EndGlobalSection
EndGlobal
