Microsoft Visual Studio Solution File, Format Version 12.00
# Visual Studio Version 17
VisualStudioVersion = 17.5.2.0
MinimumVisualStudioVersion = 10.0.40219.1
Project("{FAE04EC0-301F-11D3-BF4B-00C04F79EFBC}") = "bt_chuyendoinhietdo", "bt_chuyendoinhietdo.csproj", "{204EBEC1-16AB-5796-3DC9-005FBB684A3D}"
EndProject
Global
	GlobalSection(SolutionConfigurationPlatforms) = preSolution
		Debug|Any CPU = Debug|Any CPU
		Release|Any CPU = Release|Any CPU
	EndGlobalSection
	GlobalSection(ProjectConfigurationPlatforms) = postSolution
		{204EBEC1-16AB-5796-3DC9-005FBB684A3D}.Debug|Any CPU.ActiveCfg = Debug|Any CPU
		{204EBEC1-16AB-5796-3DC9-005FBB684A3D}.Debug|Any CPU.Build.0 = Debug|Any CPU
		{204EBEC1-16AB-5796-3DC9-005FBB684A3D}.Release|Any CPU.ActiveCfg = Release|Any CPU
		{204EBEC1-16AB-5796-3DC9-005FBB684A3D}.Release|Any CPU.Build.0 = Release|Any CPU
	EndGlobalSection
	GlobalSection(SolutionProperties) = preSolution
		HideSolutionNode = FALSE
	EndGlobalSection
	GlobalSection(ExtensibilityGlobals) = postSolution
		SolutionGuid = {A9D0C721-5E40-4E0A-8319-2AAE942988EB}
	EndGlobalSection
EndGlobal
