Microsoft Visual Studio Solution File, Format Version 12.00
# Visual Studio Version 17
VisualStudioVersion = 17.5.2.0
MinimumVisualStudioVersion = 10.0.40219.1
Project("{FAE04EC0-301F-11D3-BF4B-00C04F79EFBC}") = "bt_tinhchuvidientich_hinhtron", "bt_tinhchuvidientich_hinhtron.csproj", "{874860FB-59CE-3542-7D70-D6B9AB247744}"
EndProject
Global
	GlobalSection(SolutionConfigurationPlatforms) = preSolution
		Debug|Any CPU = Debug|Any CPU
		Release|Any CPU = Release|Any CPU
	EndGlobalSection
	GlobalSection(ProjectConfigurationPlatforms) = postSolution
		{874860FB-59CE-3542-7D70-D6B9AB247744}.Debug|Any CPU.ActiveCfg = Debug|Any CPU
		{874860FB-59CE-3542-7D70-D6B9AB247744}.Debug|Any CPU.Build.0 = Debug|Any CPU
		{874860FB-59CE-3542-7D70-D6B9AB247744}.Release|Any CPU.ActiveCfg = Release|Any CPU
		{874860FB-59CE-3542-7D70-D6B9AB247744}.Release|Any CPU.Build.0 = Release|Any CPU
	EndGlobalSection
	GlobalSection(SolutionProperties) = preSolution
		HideSolutionNode = FALSE
	EndGlobalSection
	GlobalSection(ExtensibilityGlobals) = postSolution
		SolutionGuid = {AA9ECB1D-B11C-4EEA-A75F-37591392DC8A}
	EndGlobalSection
EndGlobal
