Microsoft Visual Studio Solution File, Format Version 12.00
# Visual Studio Version 17
VisualStudioVersion = 17.5.2.0
MinimumVisualStudioVersion = 10.0.40219.1
Project("{FAE04EC0-301F-11D3-BF4B-00C04F79EFBC}") = "bt_tinhTienthemVAT", "bt_tinhTienthemVAT.csproj", "{5BE00E7A-0D28-DDB0-A2F8-33CB1686BC0D}"
EndProject
Global
	GlobalSection(SolutionConfigurationPlatforms) = preSolution
		Debug|Any CPU = Debug|Any CPU
		Release|Any CPU = Release|Any CPU
	EndGlobalSection
	GlobalSection(ProjectConfigurationPlatforms) = postSolution
		{5BE00E7A-0D28-DDB0-A2F8-33CB1686BC0D}.Debug|Any CPU.ActiveCfg = Debug|Any CPU
		{5BE00E7A-0D28-DDB0-A2F8-33CB1686BC0D}.Debug|Any CPU.Build.0 = Debug|Any CPU
		{5BE00E7A-0D28-DDB0-A2F8-33CB1686BC0D}.Release|Any CPU.ActiveCfg = Release|Any CPU
		{5BE00E7A-0D28-DDB0-A2F8-33CB1686BC0D}.Release|Any CPU.Build.0 = Release|Any CPU
	EndGlobalSection
	GlobalSection(SolutionProperties) = preSolution
		HideSolutionNode = FALSE
	EndGlobalSection
	GlobalSection(ExtensibilityGlobals) = postSolution
		SolutionGuid = {E00F6694-6126-42BB-B38E-3A85020A3E3A}
	EndGlobalSection
EndGlobal
