Microsoft Visual Studio Solution File, Format Version 12.00
# Visual Studio Version 17
VisualStudioVersion = 17.5.2.0
MinimumVisualStudioVersion = 10.0.40219.1
Project("{FAE04EC0-301F-11D3-BF4B-00C04F79EFBC}") = "Vidu5_KiemtraSoNguyenTo", "Vidu5_KiemtraSoNguyenTo.csproj", "{F00A9EA4-ED55-8048-DF3A-632455ED8FCD}"
EndProject
Global
	GlobalSection(SolutionConfigurationPlatforms) = preSolution
		Debug|Any CPU = Debug|Any CPU
		Release|Any CPU = Release|Any CPU
	EndGlobalSection
	GlobalSection(ProjectConfigurationPlatforms) = postSolution
		{F00A9EA4-ED55-8048-DF3A-632455ED8FCD}.Debug|Any CPU.ActiveCfg = Debug|Any CPU
		{F00A9EA4-ED55-8048-DF3A-632455ED8FCD}.Debug|Any CPU.Build.0 = Debug|Any CPU
		{F00A9EA4-ED55-8048-DF3A-632455ED8FCD}.Release|Any CPU.ActiveCfg = Release|Any CPU
		{F00A9EA4-ED55-8048-DF3A-632455ED8FCD}.Release|Any CPU.Build.0 = Release|Any CPU
	EndGlobalSection
	GlobalSection(SolutionProperties) = preSolution
		HideSolutionNode = FALSE
	EndGlobalSection
	GlobalSection(ExtensibilityGlobals) = postSolution
		SolutionGuid = {338B585C-3D06-43F5-8696-96B929E692F1}
	EndGlobalSection
EndGlobal
