Microsoft Visual Studio Solution File, Format Version 12.00
# Visual Studio Version 17
VisualStudioVersion = 17.5.2.0
MinimumVisualStudioVersion = 10.0.40219.1
Project("{FAE04EC0-301F-11D3-BF4B-00C04F79EFBC}") = "BaiTap_TimTuDaiNhat", "BaiTap_TimTuDaiNhat\BaiTap_TimTuDaiNhat.csproj", "{D8306685-30FF-7896-1639-CD2AEAC0E621}"
EndProject
Global
	GlobalSection(SolutionConfigurationPlatforms) = preSolution
		Debug|Any CPU = Debug|Any CPU
		Release|Any CPU = Release|Any CPU
	EndGlobalSection
	GlobalSection(ProjectConfigurationPlatforms) = postSolution
		{D8306685-30FF-7896-1639-CD2AEAC0E621}.Debug|Any CPU.ActiveCfg = Debug|Any CPU
		{D8306685-30FF-7896-1639-CD2AEAC0E621}.Debug|Any CPU.Build.0 = Debug|Any CPU
		{D8306685-30FF-7896-1639-CD2AEAC0E621}.Release|Any CPU.ActiveCfg = Release|Any CPU
		{D8306685-30FF-7896-1639-CD2AEAC0E621}.Release|Any CPU.Build.0 = Release|Any CPU
	EndGlobalSection
	GlobalSection(SolutionProperties) = preSolution
		HideSolutionNode = FALSE
	EndGlobalSection
	GlobalSection(ExtensibilityGlobals) = postSolution
		SolutionGuid = {C07559CB-8C3C-447B-A11D-9C06B149D60A}
	EndGlobalSection
EndGlobal
